{
  "nodes": {
    "flake-parts": {
      "inputs": {
        "nixpkgs-lib": "nixpkgs-lib"
      },
      "locked": {
        "lastModified": 1722555600,
        "narHash": "sha256-XOQkdLafnb/p9ij77byFQjDf5m5QYl9b2REiVClC+x4=",
        "owner": "hercules-ci",
        "repo": "flake-parts",
        "rev": "8471fe90ad337a8074e957b69ca4d0089218391d",
        "type": "github"
      },
      "original": {
        "owner": "hercules-ci",
        "repo": "flake-parts",
        "type": "github"
      }
    },
    "flake-root": {
      "locked": {
        "lastModified": 1713493429,
        "narHash": "sha256-ztz8JQkI08tjKnsTpfLqzWoKFQF4JGu2LRz8bkdnYUk=",
        "owner": "srid",
        "repo": "flake-root",
        "rev": "bc748b93b86ee76e2032eecda33440ceb2532fcd",
        "type": "github"
      },
      "original": {
        "owner": "srid",
        "repo": "flake-root",
        "type": "github"
      }
    },
    "mission-control": {
      "locked": {
        "lastModified": 1718815759,
        "narHash": "sha256-hzLbxU580EaxKmkbQkiaMF3NoIzrcmVryGul5WSQatA=",
        "owner": "Platonic-Systems",
        "repo": "mission-control",
        "rev": "db5e2cc39c6799b301412d69182b9221c65146a8",
        "type": "github"
      },
      "original": {
        "owner": "Platonic-Systems",
        "repo": "mission-control",
        "type": "github"
      }
    },
    "nixlib": {
      "locked": {
        "lastModified": 1722732880,
        "narHash": "sha256-do2Mfm3T6SR7a5A804RhjQ+JTsF5hk4JTPGjCTRM/m8=",
        "owner": "nix-community",
        "repo": "nixpkgs.lib",
        "rev": "8bebd4c74f368aacb047f0141db09ec6b339733c",
        "type": "github"
      },
      "original": {
        "owner": "nix-community",
        "repo": "nixpkgs.lib",
        "type": "github"
      }
    },
    "nixos-flake": {
      "locked": {
        "lastModified": 1721140942,
        "narHash": "sha256-iEqZGdnkG+Hm0jZhS59NJwEyB6z9caVnudWPGHZ/FAE=",
        "owner": "srid",
        "repo": "nixos-flake",
        "rev": "5734c1d9a5fe0bc8e8beaf389ad6227392ca0108",
        "type": "github"
      },
      "original": {
        "owner": "srid",
        "repo": "nixos-flake",
        "type": "github"
      }
    },
    "nixos-generators": {
      "inputs": {
        "nixlib": "nixlib",
        "nixpkgs": [
          "nixpkgs"
        ]
      },
      "locked": {
        "lastModified": 1722819251,
        "narHash": "sha256-f99it92NQSZsrZ8AYbiwAUfrtb/ZpZRqUsl4q6rMA5s=",
        "owner": "nix-community",
        "repo": "nixos-generators",
        "rev": "c8c3a20b8191819219dba1af79388aa6d555f634",
        "type": "github"
      },
      "original": {
        "owner": "nix-community",
        "repo": "nixos-generators",
        "type": "github"
      }
    },
    "nixpkgs": {
      "locked": {
        "lastModified": 1722869614,
        "narHash": "sha256-7ojM1KSk3mzutD7SkrdSflHXEujPvW1u7QuqWoTLXQU=",
        "rev": "883180e6550c1723395a3a342f830bfc5c371f6b",
        "revCount": 633812,
        "type": "tarball",
        "url": "https://api.flakehub.com/f/pinned/NixOS/nixpkgs/0.2405.633812%2Brev-883180e6550c1723395a3a342f830bfc5c371f6b/01912867-c4cd-766e-bc62-2cc7d1546d12/source.tar.gz"
      },
      "original": {
        "type": "tarball",
        "url": "https://flakehub.com/f/NixOS/nixpkgs/%2A.tar.gz"
      }
    },
    "nixpkgs-lib": {
      "locked": {
        "lastModified": 1722555339,
        "narHash": "sha256-uFf2QeW7eAHlYXuDktm9c25OxOyCoUOQmh5SZ9amE5Q=",
        "type": "tarball",
        "url": "https://github.com/NixOS/nixpkgs/archive/a5d394176e64ab29c852d03346c1fc9b0b7d33eb.tar.gz"
      },
      "original": {
        "type": "tarball",
        "url": "https://github.com/NixOS/nixpkgs/archive/a5d394176e64ab29c852d03346c1fc9b0b7d33eb.tar.gz"
      }
    },
    "nixpkgs-unstable": {
      "locked": {
        "lastModified": 1722813957,
        "narHash": "sha256-IAoYyYnED7P8zrBFMnmp7ydaJfwTnwcnqxUElC1I26Y=",
        "owner": "nixos",
        "repo": "nixpkgs",
        "rev": "cb9a96f23c491c081b38eab96d22fa958043c9fa",
        "type": "github"
      },
      "original": {
        "owner": "nixos",
        "ref": "nixos-unstable",
        "repo": "nixpkgs",
        "type": "github"
      }
    },
    "root": {
      "inputs": {
        "flake-parts": "flake-parts",
        "flake-root": "flake-root",
        "mission-control": "mission-control",
        "nixos-flake": "nixos-flake",
        "nixos-generators": "nixos-generators",
        "nixpkgs": "nixpkgs",
        "nixpkgs-unstable": "nixpkgs-unstable"
      }
    }
  },
  "root": "root",
  "version": 7
}
